
Microsoft Visual Studio Solution File, Format Version 12.00
# Visual Studio Version 17
VisualStudioVersion = 17.3.32901.215
MinimumVisualStudioVersion = 10.0.40219.1
Project("{FAE04EC0-301F-11D3-BF4B-00C04F79EFBC}") = "printservice35", "printservice35\printservice35.csproj", "{65AF40FF-50F2-4782-9FEF-596D083C7DDC}"
EndProject
Global
	GlobalSection(SolutionConfigurationPlatforms) = preSolution
		Debug|Any CPU = Debug|Any CPU
		Debug|x86 = Debug|x86
		Release|Any CPU = Release|Any CPU
		Release|x86 = Release|x86
	EndGlobalSection
	GlobalSection(ProjectConfigurationPlatforms) = postSolution
		{65AF40FF-50F2-4782-9FEF-596D083C7DDC}.Debug|Any CPU.ActiveCfg = Debug|Any CPU
		{65AF40FF-50F2-4782-9FEF-596D083C7DDC}.Debug|Any CPU.Build.0 = Debug|Any CPU
		{65AF40FF-50F2-4782-9FEF-596D083C7DDC}.Debug|x86.ActiveCfg = Debug|x86
		{65AF40FF-50F2-4782-9FEF-596D083C7DDC}.Debug|x86.Build.0 = Debug|x86
		{65AF40FF-50F2-4782-9FEF-596D083C7DDC}.Release|Any CPU.ActiveCfg = Release|Any CPU
		{65AF40FF-50F2-4782-9FEF-596D083C7DDC}.Release|Any CPU.Build.0 = Release|Any CPU
		{65AF40FF-50F2-4782-9FEF-596D083C7DDC}.Release|x86.ActiveCfg = Release|x86
		{65AF40FF-50F2-4782-9FEF-596D083C7DDC}.Release|x86.Build.0 = Release|x86
	EndGlobalSection
	GlobalSection(SolutionProperties) = preSolution
		HideSolutionNode = FALSE
	EndGlobalSection
	GlobalSection(ExtensibilityGlobals) = postSolution
		SolutionGuid = {C18B3C7A-A067-4492-8BF8-BC60A5150F44}
	EndGlobalSection
EndGlobal
